<?xml version="1.0" encoding="utf-8"?>
<Project ToolsVersion="4.0" xmlns="http://schemas.microsoft.com/developer/msbuild/2003">
  <ItemGroup>
    <Filter Include="Source Files">
      <UniqueIdentifier>{4FC737F1-C7A5-4376-A066-2A32D752A2FF}</UniqueIdentifier>
      <Extensions>cpp;c;cc;cxx;def;odl;idl;hpj;bat;asm;asmx</Extensions>
    </Filter>
    <Filter Include="Header Files">
      <UniqueIdentifier>{93995380-89BD-4b04-88EB-625FBE52EBFB}</UniqueIdentifier>
      <Extensions>h;hpp;hxx;hm;inl;inc;xsd</Extensions>
    </Filter>
    <Filter Include="Resource Files">
      <UniqueIdentifier>{67DA6AB6-F800-4c08-8B7A-83BB121AAD01}</UniqueIdentifier>
      <Extensions>rc;ico;cur;bmp;dlg;rc2;rct;bin;rgs;gif;jpg;jpeg;jpe;resx;tiff;tif;png;wav;mfcribbon-ms</Extensions>
    </Filter>
  </ItemGroup>
  <ItemGroup>
    <ClInclude Include="..\code\dtslam\BaseRansac.h">
      <Filter>Header Files</Filter>
    </ClInclude>
    <ClInclude Include="..\code\dtslam\BundleAdjuster.h">
      <Filter>Header Files</Filter>
    </ClInclude>
    <ClInclude Include="..\code\dtslam\CameraDistortionModel.h">
      <Filter>Header Files</Filter>
    </ClInclude>
    <ClInclude Include="..\code\dtslam\CameraModel.h">
      <Filter>Header Files</Filter>
    </ClInclude>
    <ClInclude Include="..\code\dtslam\CameraModelCeres.h">
      <Filter>Header Files</Filter>
    </ClInclude>
    <ClInclude Include="..\code\dtslam\CeresParametrization.h">
      <Filter>Header Files</Filter>
    </ClInclude>
    <ClInclude Include="..\code\dtslam\CeresUtils.h">
      <Filter>Header Files</Filter>
    </ClInclude>
    <ClInclude Include="..\code\dtslam\cvutils.h">
      <Filter>Header Files</Filter>
    </ClInclude>
    <ClInclude Include="..\code\dtslam\EpipolarSegmentError.h">
      <Filter>Header Files</Filter>
    </ClInclude>
    <ClInclude Include="..\code\dtslam\EpipolarSegmentErrorImpl.hpp">
      <Filter>Header Files</Filter>
    </ClInclude>
    <ClInclude Include="..\code\dtslam\EssentialEstimation.h">
      <Filter>Header Files</Filter>
    </ClInclude>
    <ClInclude Include="..\code\dtslam\EssentialUtils.h">
      <Filter>Header Files</Filter>
    </ClInclude>
    <ClInclude Include="..\code\dtslam\FeatureIndexer.h">
      <Filter>Header Files</Filter>
    </ClInclude>
    <ClInclude Include="..\code\dtslam\FeatureMatcher.h">
      <Filter>Header Files</Filter>
    </ClInclude>
    <ClInclude Include="..\code\dtslam\flags.h">
      <Filter>Header Files</Filter>
    </ClInclude>
    <ClInclude Include="..\code\dtslam\FrameLinker.h">
      <Filter>Header Files</Filter>
    </ClInclude>
    <ClInclude Include="..\code\dtslam\HomographyEstimation.h">
      <Filter>Header Files</Filter>
    </ClInclude>
    <ClInclude Include="..\code\dtslam\ImagePyramid.h">
      <Filter>Header Files</Filter>
    </ClInclude>
    <ClInclude Include="..\code\dtslam\log.h">
      <Filter>Header Files</Filter>
    </ClInclude>
    <ClInclude Include="..\code\dtslam\MatchRefiner.h">
      <Filter>Header Files</Filter>
    </ClInclude>
    <ClInclude Include="..\code\dtslam\PatchWarper.h">
      <Filter>Header Files</Filter>
    </ClInclude>
    <ClInclude Include="..\code\dtslam\PnpEstimation.h">
      <Filter>Header Files</Filter>
    </ClInclude>
    <ClInclude Include="..\code\dtslam\Pose3D.h">
      <Filter>Header Files</Filter>
    </ClInclude>
    <ClInclude Include="..\code\dtslam\Pose3DCeres.h">
      <Filter>Header Files</Filter>
    </ClInclude>
    <ClInclude Include="..\code\dtslam\PoseEstimation.h">
      <Filter>Header Files</Filter>
    </ClInclude>
    <ClInclude Include="..\code\dtslam\PoseEstimationCommon.h">
      <Filter>Header Files</Filter>
    </ClInclude>
    <ClInclude Include="..\code\dtslam\PoseTracker.h">
      <Filter>Header Files</Filter>
    </ClInclude>
    <ClInclude Include="..\code\dtslam\Profiler.h">
      <Filter>Header Files</Filter>
    </ClInclude>
    <ClInclude Include="..\code\dtslam\ReprojectionError3D.h">
      <Filter>Header Files</Filter>
    </ClInclude>
    <ClInclude Include="..\code\dtslam\ReprojectionError3DImpl.hpp">
      <Filter>Header Files</Filter>
    </ClInclude>
    <ClInclude Include="..\code\dtslam\RotationEstimation.h">
      <Filter>Header Files</Filter>
    </ClInclude>
    <ClInclude Include="..\code\dtslam\Serializer.h">
      <Filter>Header Files</Filter>
    </ClInclude>
    <ClInclude Include="..\code\dtslam\shared_mutex.h">
      <Filter>Header Files</Filter>
    </ClInclude>
    <ClInclude Include="..\code\dtslam\SlamKeyFrame.h">
      <Filter>Header Files</Filter>
    </ClInclude>
    <ClInclude Include="..\code\dtslam\SlamMap.h">
      <Filter>Header Files</Filter>
    </ClInclude>
    <ClInclude Include="..\code\dtslam\SlamMapExpander.h">
      <Filter>Header Files</Filter>
    </ClInclude>
    <ClInclude Include="..\code\dtslam\SlamSystem.h">
      <Filter>Header Files</Filter>
    </ClInclude>
    <ClInclude Include="..\code\dtslam\stdutils.h">
      <Filter>Header Files</Filter>
    </ClInclude>
  </ItemGroup>
  <ItemGroup>
    <ClCompile Include="..\code\dtslam\BundleAdjuster.cpp">
      <Filter>Source Files</Filter>
    </ClCompile>
    <ClCompile Include="..\code\dtslam\CameraDistortionModel.cpp">
      <Filter>Source Files</Filter>
    </ClCompile>
    <ClCompile Include="..\code\dtslam\CameraModel.cpp">
      <Filter>Source Files</Filter>
    </ClCompile>
    <ClCompile Include="..\code\dtslam\CeresParametrization.cpp">
      <Filter>Source Files</Filter>
    </ClCompile>
    <ClCompile Include="..\code\dtslam\cvutils.cpp">
      <Filter>Source Files</Filter>
    </ClCompile>
    <ClCompile Include="..\code\dtslam\EssentialEstimation.cpp">
      <Filter>Source Files</Filter>
    </ClCompile>
    <ClCompile Include="..\code\dtslam\FeatureMatcher.cpp">
      <Filter>Source Files</Filter>
    </ClCompile>
    <ClCompile Include="..\code\dtslam\flags.cpp">
      <Filter>Source Files</Filter>
    </ClCompile>
    <ClCompile Include="..\code\dtslam\FrameLinker.cpp">
      <Filter>Source Files</Filter>
    </ClCompile>
    <ClCompile Include="..\code\dtslam\HomographyEstimation.cpp">
      <Filter>Source Files</Filter>
    </ClCompile>
    <ClCompile Include="..\code\dtslam\ImagePyramid.cpp">
      <Filter>Source Files</Filter>
    </ClCompile>
    <ClCompile Include="..\code\dtslam\log.cpp">
      <Filter>Source Files</Filter>
    </ClCompile>
    <ClCompile Include="..\code\dtslam\MatchRefiner.cpp">
      <Filter>Source Files</Filter>
    </ClCompile>
    <ClCompile Include="..\code\dtslam\PatchWarper.cpp">
      <Filter>Source Files</Filter>
    </ClCompile>
    <ClCompile Include="..\code\dtslam\PnpEstimation.cpp">
      <Filter>Source Files</Filter>
    </ClCompile>
    <ClCompile Include="..\code\dtslam\Pose3D.cpp">
      <Filter>Source Files</Filter>
    </ClCompile>
    <ClCompile Include="..\code\dtslam\PoseEstimation.cpp">
      <Filter>Source Files</Filter>
    </ClCompile>
    <ClCompile Include="..\code\dtslam\PoseTracker.cpp">
      <Filter>Source Files</Filter>
    </ClCompile>
    <ClCompile Include="..\code\dtslam\Profiler.cpp">
      <Filter>Source Files</Filter>
    </ClCompile>
    <ClCompile Include="..\code\dtslam\ReprojectionError3D.cpp">
      <Filter>Source Files</Filter>
    </ClCompile>
    <ClCompile Include="..\code\dtslam\RotationEstimation.cpp">
      <Filter>Source Files</Filter>
    </ClCompile>
    <ClCompile Include="..\code\dtslam\Serializer.cpp">
      <Filter>Source Files</Filter>
    </ClCompile>
    <ClCompile Include="..\code\dtslam\SlamKeyFrame.cpp">
      <Filter>Source Files</Filter>
    </ClCompile>
    <ClCompile Include="..\code\dtslam\SlamMap.cpp">
      <Filter>Source Files</Filter>
    </ClCompile>
    <ClCompile Include="..\code\dtslam\SlamMap2.cpp">
      <Filter>Source Files</Filter>
    </ClCompile>
    <ClCompile Include="..\code\dtslam\SlamMapExpander.cpp">
      <Filter>Source Files</Filter>
    </ClCompile>
    <ClCompile Include="..\code\dtslam\SlamSystem.cpp">
      <Filter>Source Files</Filter>
    </ClCompile>
  </ItemGroup>
</Project>